// !$*UTF8*$!
{
	archiveVersion = 1;
	classes = {
	};
	objectVersion = 56;
	objects = {

/* Begin PBXBuildFile section */
		BC08E4A82A752AE8001D5CEB /* OnboardingView.swift in Sources */ = {isa = PBXBuildFile; fileRef = BC08E4A72A752AE8001D5CEB /* OnboardingView.swift */; };
		BC08E4AB2A752B18001D5CEB /* d3-stories-instagram in Frameworks */ = {isa = PBXBuildFile; productRef = BC08E4AA2A752B18001D5CEB /* d3-stories-instagram */; };
		BC08E4B32A752D4B001D5CEB /* LoadingRectangle.swift in Sources */ = {isa = PBXBuildFile; fileRef = BC08E4B22A752D4B001D5CEB /* LoadingRectangle.swift */; };
		BC08E4B62A752F9A001D5CEB /* StoryTimer.swift in Sources */ = {isa = PBXBuildFile; fileRef = BC08E4B52A752F9A001D5CEB /* StoryTimer.swift */; };
		BC36C5532A757C3900B67505 /* LabelledDivider.swift in Sources */ = {isa = PBXBuildFile; fileRef = BC36C5522A757C3900B67505 /* LabelledDivider.swift */; };
		BC36C5552A75869F00B67505 /* SkipButton.swift in Sources */ = {isa = PBXBuildFile; fileRef = BC36C5542A75869F00B67505 /* SkipButton.swift */; };
		BC36C5592A7586F100B67505 /* OTPView.swift in Sources */ = {isa = PBXBuildFile; fileRef = BC36C5582A7586F100B67505 /* OTPView.swift */; };
		BC36C55B2A75942700B67505 /* ProfileCreationView.swift in Sources */ = {isa = PBXBuildFile; fileRef = BC36C55A2A75942700B67505 /* ProfileCreationView.swift */; };
		BC36C55E2A76604200B67505 /* HomeView.swift in Sources */ = {isa = PBXBuildFile; fileRef = BC36C55D2A76604200B67505 /* HomeView.swift */; };
		BC36C5602A766B1200B67505 /* NavigationView.swift in Sources */ = {isa = PBXBuildFile; fileRef = BC36C55F2A766B1200B67505 /* NavigationView.swift */; };
		BC36C5662A76732500B67505 /* ExploreView.swift in Sources */ = {isa = PBXBuildFile; fileRef = BC36C5652A76732500B67505 /* ExploreView.swift */; };
		BC36C5682A76734200B67505 /* SearchView.swift in Sources */ = {isa = PBXBuildFile; fileRef = BC36C5672A76734200B67505 /* SearchView.swift */; };
		BC36C56A2A76739100B67505 /* InboxView.swift in Sources */ = {isa = PBXBuildFile; fileRef = BC36C5692A76739100B67505 /* InboxView.swift */; };
		BC36C56C2A76739A00B67505 /* ProfileView.swift in Sources */ = {isa = PBXBuildFile; fileRef = BC36C56B2A76739A00B67505 /* ProfileView.swift */; };
		BC36C5702A767DBA00B67505 /* GamesView.swift in Sources */ = {isa = PBXBuildFile; fileRef = BC36C56F2A767DBA00B67505 /* GamesView.swift */; };
		BC36C5722A767E2E00B67505 /* NewsView.swift in Sources */ = {isa = PBXBuildFile; fileRef = BC36C5712A767E2E00B67505 /* NewsView.swift */; };
		BC36C5742A767E3C00B67505 /* DealsView.swift in Sources */ = {isa = PBXBuildFile; fileRef = BC36C5732A767E3C00B67505 /* DealsView.swift */; };
		BC36C5762A767E4800B67505 /* EventsView.swift in Sources */ = {isa = PBXBuildFile; fileRef = BC36C5752A767E4800B67505 /* EventsView.swift */; };
		BC36C5782A767E5300B67505 /* NFTView.swift in Sources */ = {isa = PBXBuildFile; fileRef = BC36C5772A767E5300B67505 /* NFTView.swift */; };
		BC36C57C2A76859000B67505 /* GamesMockupData.swift in Sources */ = {isa = PBXBuildFile; fileRef = BC36C57B2A76859000B67505 /* GamesMockupData.swift */; };
		BC5039882A751483005C6885 /* GamingAppApp.swift in Sources */ = {isa = PBXBuildFile; fileRef = BC5039872A751483005C6885 /* GamingAppApp.swift */; };
		BC50398C2A751484005C6885 /* Assets.xcassets in Resources */ = {isa = PBXBuildFile; fileRef = BC50398B2A751484005C6885 /* Assets.xcassets */; };
		BC50398F2A751484005C6885 /* Preview Assets.xcassets in Resources */ = {isa = PBXBuildFile; fileRef = BC50398E2A751484005C6885 /* Preview Assets.xcassets */; };
		BC5039992A751484005C6885 /* GamingAppTests.swift in Sources */ = {isa = PBXBuildFile; fileRef = BC5039982A751484005C6885 /* GamingAppTests.swift */; };
		BC5039A32A751484005C6885 /* GamingAppUITests.swift in Sources */ = {isa = PBXBuildFile; fileRef = BC5039A22A751484005C6885 /* GamingAppUITests.swift */; };
		BC5039A52A751484005C6885 /* GamingAppUITestsLaunchTests.swift in Sources */ = {isa = PBXBuildFile; fileRef = BC5039A42A751484005C6885 /* GamingAppUITestsLaunchTests.swift */; };
		BCE0F6312A753BF8008D6202 /* SignUpView.swift in Sources */ = {isa = PBXBuildFile; fileRef = BCE0F6302A753BF8008D6202 /* SignUpView.swift */; };
		BCE0F6332A753F3F008D6202 /* OnboardingProgressBar.swift in Sources */ = {isa = PBXBuildFile; fileRef = BCE0F6322A753F3F008D6202 /* OnboardingProgressBar.swift */; };
		BCE0F6352A753F5E008D6202 /* ProgressNavigation.swift in Sources */ = {isa = PBXBuildFile; fileRef = BCE0F6342A753F5E008D6202 /* ProgressNavigation.swift */; };
		BCE0F6392A754316008D6202 /* OnboardingMockupData.swift in Sources */ = {isa = PBXBuildFile; fileRef = BCE0F6382A754316008D6202 /* OnboardingMockupData.swift */; };
/* End PBXBuildFile section */

/* Begin PBXContainerItemProxy section */
		BC5039952A751484005C6885 /* PBXContainerItemProxy */ = {
			isa = PBXContainerItemProxy;
			containerPortal = BC50397C2A751483005C6885 /* Project object */;
			proxyType = 1;
			remoteGlobalIDString = BC5039832A751483005C6885;
			remoteInfo = GamingApp;
		};
		BC50399F2A751484005C6885 /* PBXContainerItemProxy */ = {
			isa = PBXContainerItemProxy;
			containerPortal = BC50397C2A751483005C6885 /* Project object */;
			proxyType = 1;
			remoteGlobalIDString = BC5039832A751483005C6885;
			remoteInfo = GamingApp;
		};
/* End PBXContainerItemProxy section */

/* Begin PBXFileReference section */
		BC08E4A72A752AE8001D5CEB /* OnboardingView.swift */ = {isa = PBXFileReference; lastKnownFileType = sourcecode.swift; path = OnboardingView.swift; sourceTree = "<group>"; };
		BC08E4B22A752D4B001D5CEB /* LoadingRectangle.swift */ = {isa = PBXFileReference; lastKnownFileType = sourcecode.swift; path = LoadingRectangle.swift; sourceTree = "<group>"; };
		BC08E4B52A752F9A001D5CEB /* StoryTimer.swift */ = {isa = PBXFileReference; lastKnownFileType = sourcecode.swift; path = StoryTimer.swift; sourceTree = "<group>"; };
		BC36C5522A757C3900B67505 /* LabelledDivider.swift */ = {isa = PBXFileReference; lastKnownFileType = sourcecode.swift; path = LabelledDivider.swift; sourceTree = "<group>"; };
		BC36C5542A75869F00B67505 /* SkipButton.swift */ = {isa = PBXFileReference; lastKnownFileType = sourcecode.swift; path = SkipButton.swift; sourceTree = "<group>"; };
		BC36C5582A7586F100B67505 /* OTPView.swift */ = {isa = PBXFileReference; lastKnownFileType = sourcecode.swift; path = OTPView.swift; sourceTree = "<group>"; };
		BC36C55A2A75942700B67505 /* ProfileCreationView.swift */ = {isa = PBXFileReference; lastKnownFileType = sourcecode.swift; path = ProfileCreationView.swift; sourceTree = "<group>"; };
		BC36C55D2A76604200B67505 /* HomeView.swift */ = {isa = PBXFileReference; lastKnownFileType = sourcecode.swift; path = HomeView.swift; sourceTree = "<group>"; };
		BC36C55F2A766B1200B67505 /* NavigationView.swift */ = {isa = PBXFileReference; lastKnownFileType = sourcecode.swift; path = NavigationView.swift; sourceTree = "<group>"; };
		BC36C5652A76732500B67505 /* ExploreView.swift */ = {isa = PBXFileReference; lastKnownFileType = sourcecode.swift; path = ExploreView.swift; sourceTree = "<group>"; };
		BC36C5672A76734200B67505 /* SearchView.swift */ = {isa = PBXFileReference; lastKnownFileType = sourcecode.swift; path = SearchView.swift; sourceTree = "<group>"; };
		BC36C5692A76739100B67505 /* InboxView.swift */ = {isa = PBXFileReference; lastKnownFileType = sourcecode.swift; path = InboxView.swift; sourceTree = "<group>"; };
		BC36C56B2A76739A00B67505 /* ProfileView.swift */ = {isa = PBXFileReference; lastKnownFileType = sourcecode.swift; path = ProfileView.swift; sourceTree = "<group>"; };
		BC36C56F2A767DBA00B67505 /* GamesView.swift */ = {isa = PBXFileReference; lastKnownFileType = sourcecode.swift; path = GamesView.swift; sourceTree = "<group>"; };
		BC36C5712A767E2E00B67505 /* NewsView.swift */ = {isa = PBXFileReference; lastKnownFileType = sourcecode.swift; path = NewsView.swift; sourceTree = "<group>"; };
		BC36C5732A767E3C00B67505 /* DealsView.swift */ = {isa = PBXFileReference; lastKnownFileType = sourcecode.swift; path = DealsView.swift; sourceTree = "<group>"; };
		BC36C5752A767E4800B67505 /* EventsView.swift */ = {isa = PBXFileReference; lastKnownFileType = sourcecode.swift; path = EventsView.swift; sourceTree = "<group>"; };
		BC36C5772A767E5300B67505 /* NFTView.swift */ = {isa = PBXFileReference; lastKnownFileType = sourcecode.swift; path = NFTView.swift; sourceTree = "<group>"; };
		BC36C57B2A76859000B67505 /* GamesMockupData.swift */ = {isa = PBXFileReference; lastKnownFileType = sourcecode.swift; path = GamesMockupData.swift; sourceTree = "<group>"; };
		BC5039842A751483005C6885 /* GamingApp.app */ = {isa = PBXFileReference; explicitFileType = wrapper.application; includeInIndex = 0; path = GamingApp.app; sourceTree = BUILT_PRODUCTS_DIR; };
		BC5039872A751483005C6885 /* GamingAppApp.swift */ = {isa = PBXFileReference; lastKnownFileType = sourcecode.swift; path = GamingAppApp.swift; sourceTree = "<group>"; };
		BC50398B2A751484005C6885 /* Assets.xcassets */ = {isa = PBXFileReference; lastKnownFileType = folder.assetcatalog; path = Assets.xcassets; sourceTree = "<group>"; };
		BC50398E2A751484005C6885 /* Preview Assets.xcassets */ = {isa = PBXFileReference; lastKnownFileType = folder.assetcatalog; path = "Preview Assets.xcassets"; sourceTree = "<group>"; };
		BC5039942A751484005C6885 /* GamingAppTests.xctest */ = {isa = PBXFileReference; explicitFileType = wrapper.cfbundle; includeInIndex = 0; path = GamingAppTests.xctest; sourceTree = BUILT_PRODUCTS_DIR; };
		BC5039982A751484005C6885 /* GamingAppTests.swift */ = {isa = PBXFileReference; lastKnownFileType = sourcecode.swift; path = GamingAppTests.swift; sourceTree = "<group>"; };
		BC50399E2A751484005C6885 /* GamingAppUITests.xctest */ = {isa = PBXFileReference; explicitFileType = wrapper.cfbundle; includeInIndex = 0; path = GamingAppUITests.xctest; sourceTree = BUILT_PRODUCTS_DIR; };
		BC5039A22A751484005C6885 /* GamingAppUITests.swift */ = {isa = PBXFileReference; lastKnownFileType = sourcecode.swift; path = GamingAppUITests.swift; sourceTree = "<group>"; };
		BC5039A42A751484005C6885 /* GamingAppUITestsLaunchTests.swift */ = {isa = PBXFileReference; lastKnownFileType = sourcecode.swift; path = GamingAppUITestsLaunchTests.swift; sourceTree = "<group>"; };
		BCE0F6302A753BF8008D6202 /* SignUpView.swift */ = {isa = PBXFileReference; lastKnownFileType = sourcecode.swift; path = SignUpView.swift; sourceTree = "<group>"; };
		BCE0F6322A753F3F008D6202 /* OnboardingProgressBar.swift */ = {isa = PBXFileReference; lastKnownFileType = sourcecode.swift; path = OnboardingProgressBar.swift; sourceTree = "<group>"; };
		BCE0F6342A753F5E008D6202 /* ProgressNavigation.swift */ = {isa = PBXFileReference; lastKnownFileType = sourcecode.swift; path = ProgressNavigation.swift; sourceTree = "<group>"; };
		BCE0F6382A754316008D6202 /* OnboardingMockupData.swift */ = {isa = PBXFileReference; lastKnownFileType = sourcecode.swift; path = OnboardingMockupData.swift; sourceTree = "<group>"; };
/* End PBXFileReference section */

/* Begin PBXFrameworksBuildPhase section */
		BC5039812A751483005C6885 /* Frameworks */ = {
			isa = PBXFrameworksBuildPhase;
			buildActionMask = 2147483647;
			files = (
				BC08E4AB2A752B18001D5CEB /* d3-stories-instagram in Frameworks */,
			);
			runOnlyForDeploymentPostprocessing = 0;
		};
		BC5039912A751484005C6885 /* Frameworks */ = {
			isa = PBXFrameworksBuildPhase;
			buildActionMask = 2147483647;
			files = (
			);
			runOnlyForDeploymentPostprocessing = 0;
		};
		BC50399B2A751484005C6885 /* Frameworks */ = {
			isa = PBXFrameworksBuildPhase;
			buildActionMask = 2147483647;
			files = (
			);
			runOnlyForDeploymentPostprocessing = 0;
		};
/* End PBXFrameworksBuildPhase section */

/* Begin PBXGroup section */
		BC08E4A62A752AD4001D5CEB /* Views */ = {
			isa = PBXGroup;
			children = (
				BC36C5642A7672FF00B67505 /* Profile */,
				BC36C5632A7672F200B67505 /* Inbox */,
				BC36C5622A7672E800B67505 /* Search */,
				BC36C5612A7672D800B67505 /* Explore */,
				BC36C55C2A76603300B67505 /* Home */,
				BCE0F62F2A753B9E008D6202 /* Authentication */,
				BC08E4AF2A752D27001D5CEB /* Onboarding */,
			);
			path = Views;
			sourceTree = "<group>";
		};
		BC08E4AC2A752D06001D5CEB /* Components */ = {
			isa = PBXGroup;
			children = (
				BC08E4B22A752D4B001D5CEB /* LoadingRectangle.swift */,
				BCE0F6322A753F3F008D6202 /* OnboardingProgressBar.swift */,
				BCE0F6342A753F5E008D6202 /* ProgressNavigation.swift */,
			);
			path = Components;
			sourceTree = "<group>";
		};
		BC08E4AF2A752D27001D5CEB /* Onboarding */ = {
			isa = PBXGroup;
			children = (
				BC08E4AC2A752D06001D5CEB /* Components */,
				BC08E4A72A752AE8001D5CEB /* OnboardingView.swift */,
			);
			path = Onboarding;
			sourceTree = "<group>";
		};
		BC08E4B42A752F87001D5CEB /* Resources */ = {
			isa = PBXGroup;
			children = (
				BC08E4B52A752F9A001D5CEB /* StoryTimer.swift */,
			);
			path = Resources;
			sourceTree = "<group>";
		};
		BC36C5512A757C2800B67505 /* Components */ = {
			isa = PBXGroup;
			children = (
				BC36C5522A757C3900B67505 /* LabelledDivider.swift */,
				BC36C5542A75869F00B67505 /* SkipButton.swift */,
			);
			path = Components;
			sourceTree = "<group>";
		};
		BC36C55C2A76603300B67505 /* Home */ = {
			isa = PBXGroup;
			children = (
				BC36C5792A767E8700B67505 /* Components */,
				BC36C55D2A76604200B67505 /* HomeView.swift */,
				BC36C55F2A766B1200B67505 /* NavigationView.swift */,
				BC36C56F2A767DBA00B67505 /* GamesView.swift */,
				BC36C5712A767E2E00B67505 /* NewsView.swift */,
				BC36C5732A767E3C00B67505 /* DealsView.swift */,
				BC36C5752A767E4800B67505 /* EventsView.swift */,
				BC36C5772A767E5300B67505 /* NFTView.swift */,
			);
			path = Home;
			sourceTree = "<group>";
		};
		BC36C5612A7672D800B67505 /* Explore */ = {
			isa = PBXGroup;
			children = (
				BC36C5652A76732500B67505 /* ExploreView.swift */,
			);
			path = Explore;
			sourceTree = "<group>";
		};
		BC36C5622A7672E800B67505 /* Search */ = {
			isa = PBXGroup;
			children = (
				BC36C5672A76734200B67505 /* SearchView.swift */,
			);
			path = Search;
			sourceTree = "<group>";
		};
		BC36C5632A7672F200B67505 /* Inbox */ = {
			isa = PBXGroup;
			children = (
				BC36C5692A76739100B67505 /* InboxView.swift */,
			);
			path = Inbox;
			sourceTree = "<group>";
		};
		BC36C5642A7672FF00B67505 /* Profile */ = {
			isa = PBXGroup;
			children = (
				BC36C56B2A76739A00B67505 /* ProfileView.swift */,
			);
			path = Profile;
			sourceTree = "<group>";
		};
		BC36C5792A767E8700B67505 /* Components */ = {
			isa = PBXGroup;
			children = (
			);
			path = Components;
			sourceTree = "<group>";
		};
		BC36C57A2A76857E00B67505 /* Games */ = {
			isa = PBXGroup;
			children = (
				BC36C57B2A76859000B67505 /* GamesMockupData.swift */,
			);
			path = Games;
			sourceTree = "<group>";
		};
		BC50397B2A751483005C6885 = {
			isa = PBXGroup;
			children = (
				BC5039862A751483005C6885 /* GamingApp */,
				BC5039972A751484005C6885 /* GamingAppTests */,
				BC5039A12A751484005C6885 /* GamingAppUITests */,
				BC5039852A751483005C6885 /* Products */,
			);
			sourceTree = "<group>";
		};
		BC5039852A751483005C6885 /* Products */ = {
			isa = PBXGroup;
			children = (
				BC5039842A751483005C6885 /* GamingApp.app */,
				BC5039942A751484005C6885 /* GamingAppTests.xctest */,
				BC50399E2A751484005C6885 /* GamingAppUITests.xctest */,
			);
			name = Products;
			sourceTree = "<group>";
		};
		BC5039862A751483005C6885 /* GamingApp */ = {
			isa = PBXGroup;
			children = (
				BCE0F6362A7542F4008D6202 /* MockupData */,
				BC08E4B42A752F87001D5CEB /* Resources */,
				BC08E4A62A752AD4001D5CEB /* Views */,
				BC5039872A751483005C6885 /* GamingAppApp.swift */,
				BC50398B2A751484005C6885 /* Assets.xcassets */,
				BC50398D2A751484005C6885 /* Preview Content */,
			);
			path = GamingApp;
			sourceTree = "<group>";
		};
		BC50398D2A751484005C6885 /* Preview Content */ = {
			isa = PBXGroup;
			children = (
				BC50398E2A751484005C6885 /* Preview Assets.xcassets */,
			);
			path = "Preview Content";
			sourceTree = "<group>";
		};
		BC5039972A751484005C6885 /* GamingAppTests */ = {
			isa = PBXGroup;
			children = (
				BC5039982A751484005C6885 /* GamingAppTests.swift */,
			);
			path = GamingAppTests;
			sourceTree = "<group>";
		};
		BC5039A12A751484005C6885 /* GamingAppUITests */ = {
			isa = PBXGroup;
			children = (
				BC5039A22A751484005C6885 /* GamingAppUITests.swift */,
				BC5039A42A751484005C6885 /* GamingAppUITestsLaunchTests.swift */,
			);
			path = GamingAppUITests;
			sourceTree = "<group>";
		};
		BCE0F62F2A753B9E008D6202 /* Authentication */ = {
			isa = PBXGroup;
			children = (
				BC36C5512A757C2800B67505 /* Components */,
				BCE0F6302A753BF8008D6202 /* SignUpView.swift */,
				BC36C5582A7586F100B67505 /* OTPView.swift */,
				BC36C55A2A75942700B67505 /* ProfileCreationView.swift */,
			);
			path = Authentication;
			sourceTree = "<group>";
		};
		BCE0F6362A7542F4008D6202 /* MockupData */ = {
			isa = PBXGroup;
			children = (
				BCE0F6372A754301008D6202 /* Onboarding */,
			);
			path = MockupData;
			sourceTree = "<group>";
		};
		BCE0F6372A754301008D6202 /* Onboarding */ = {
			isa = PBXGroup;
			children = (
				BC36C57A2A76857E00B67505 /* Games */,
				BCE0F6382A754316008D6202 /* OnboardingMockupData.swift */,
			);
			path = Onboarding;
			sourceTree = "<group>";
		};
/* End PBXGroup section */

/* Begin PBXNativeTarget section */
		BC5039832A751483005C6885 /* GamingApp */ = {
			isa = PBXNativeTarget;
			buildConfigurationList = BC5039A82A751484005C6885 /* Build configuration list for PBXNativeTarget "GamingApp" */;
			buildPhases = (
				BC5039802A751483005C6885 /* Sources */,
				BC5039812A751483005C6885 /* Frameworks */,
				BC5039822A751483005C6885 /* Resources */,
			);
			buildRules = (
			);
			dependencies = (
			);
			name = GamingApp;
			packageProductDependencies = (
				BC08E4AA2A752B18001D5CEB /* d3-stories-instagram */,
			);
			productName = GamingApp;
			productReference = BC5039842A751483005C6885 /* GamingApp.app */;
			productType = "com.apple.product-type.application";
		};
		BC5039932A751484005C6885 /* GamingAppTests */ = {
			isa = PBXNativeTarget;
			buildConfigurationList = BC5039AB2A751484005C6885 /* Build configuration list for PBXNativeTarget "GamingAppTests" */;
			buildPhases = (
				BC5039902A751484005C6885 /* Sources */,
				BC5039912A751484005C6885 /* Frameworks */,
				BC5039922A751484005C6885 /* Resources */,
			);
			buildRules = (
			);
			dependencies = (
				BC5039962A751484005C6885 /* PBXTargetDependency */,
			);
			name = GamingAppTests;
			productName = GamingAppTests;
			productReference = BC5039942A751484005C6885 /* GamingAppTests.xctest */;
			productType = "com.apple.product-type.bundle.unit-test";
		};
		BC50399D2A751484005C6885 /* GamingAppUITests */ = {
			isa = PBXNativeTarget;
			buildConfigurationList = BC5039AE2A751484005C6885 /* Build configuration list for PBXNativeTarget "GamingAppUITests" */;
			buildPhases = (
				BC50399A2A751484005C6885 /* Sources */,
				BC50399B2A751484005C6885 /* Frameworks */,
				BC50399C2A751484005C6885 /* Resources */,
			);
			buildRules = (
			);
			dependencies = (
				BC5039A02A751484005C6885 /* PBXTargetDependency */,
			);
			name = GamingAppUITests;
			productName = GamingAppUITests;
			productReference = BC50399E2A751484005C6885 /* GamingAppUITests.xctest */;
			productType = "com.apple.product-type.bundle.ui-testing";
		};
/* End PBXNativeTarget section */

/* Begin PBXProject section */
		BC50397C2A751483005C6885 /* Project object */ = {
			isa = PBXProject;
			attributes = {
				BuildIndependentTargetsInParallel = 1;
				LastSwiftUpdateCheck = 1430;
				LastUpgradeCheck = 1430;
				TargetAttributes = {
					BC5039832A751483005C6885 = {
						CreatedOnToolsVersion = 14.3.1;
					};
					BC5039932A751484005C6885 = {
						CreatedOnToolsVersion = 14.3.1;
						TestTargetID = BC5039832A751483005C6885;
					};
					BC50399D2A751484005C6885 = {
						CreatedOnToolsVersion = 14.3.1;
						TestTargetID = BC5039832A751483005C6885;
					};
				};
			};
			buildConfigurationList = BC50397F2A751483005C6885 /* Build configuration list for PBXProject "GamingApp" */;
			compatibilityVersion = "Xcode 14.0";
			developmentRegion = en;
			hasScannedForEncodings = 0;
			knownRegions = (
				en,
				Base,
			);
			mainGroup = BC50397B2A751483005C6885;
			packageReferences = (
				BC08E4A92A752B18001D5CEB /* XCRemoteSwiftPackageReference "d3-stories-instagram" */,
			);
			productRefGroup = BC5039852A751483005C6885 /* Products */;
			projectDirPath = "";
			projectRoot = "";
			targets = (
				BC5039832A751483005C6885 /* GamingApp */,
				BC5039932A751484005C6885 /* GamingAppTests */,
				BC50399D2A751484005C6885 /* GamingAppUITests */,
			);
		};
/* End PBXProject section */

/* Begin PBXResourcesBuildPhase section */
		BC5039822A751483005C6885 /* Resources */ = {
			isa = PBXResourcesBuildPhase;
			buildActionMask = 2147483647;
			files = (
				BC50398F2A751484005C6885 /* Preview Assets.xcassets in Resources */,
				BC50398C2A751484005C6885 /* Assets.xcassets in Resources */,
			);
			runOnlyForDeploymentPostprocessing = 0;
		};
		BC5039922A751484005C6885 /* Resources */ = {
			isa = PBXResourcesBuildPhase;
			buildActionMask = 2147483647;
			files = (
			);
			runOnlyForDeploymentPostprocessing = 0;
		};
		BC50399C2A751484005C6885 /* Resources */ = {
			isa = PBXResourcesBuildPhase;
			buildActionMask = 2147483647;
			files = (
			);
			runOnlyForDeploymentPostprocessing = 0;
		};
/* End PBXResourcesBuildPhase section */

/* Begin PBXSourcesBuildPhase section */
		BC5039802A751483005C6885 /* Sources */ = {
			isa = PBXSourcesBuildPhase;
			buildActionMask = 2147483647;
			files = (
				BC36C5552A75869F00B67505 /* SkipButton.swift in Sources */,
				BC36C5722A767E2E00B67505 /* NewsView.swift in Sources */,
				BC36C5742A767E3C00B67505 /* DealsView.swift in Sources */,
				BC36C55E2A76604200B67505 /* HomeView.swift in Sources */,
				BC36C5532A757C3900B67505 /* LabelledDivider.swift in Sources */,
				BC36C5592A7586F100B67505 /* OTPView.swift in Sources */,
				BCE0F6352A753F5E008D6202 /* ProgressNavigation.swift in Sources */,
				BC08E4B32A752D4B001D5CEB /* LoadingRectangle.swift in Sources */,
				BC36C5682A76734200B67505 /* SearchView.swift in Sources */,
				BC36C56A2A76739100B67505 /* InboxView.swift in Sources */,
				BC36C5702A767DBA00B67505 /* GamesView.swift in Sources */,
				BC36C57C2A76859000B67505 /* GamesMockupData.swift in Sources */,
				BC36C5662A76732500B67505 /* ExploreView.swift in Sources */,
				BC08E4A82A752AE8001D5CEB /* OnboardingView.swift in Sources */,
				BC36C5602A766B1200B67505 /* NavigationView.swift in Sources */,
				BC36C5762A767E4800B67505 /* EventsView.swift in Sources */,
				BCE0F6332A753F3F008D6202 /* OnboardingProgressBar.swift in Sources */,
				BC08E4B62A752F9A001D5CEB /* StoryTimer.swift in Sources */,
				BC36C55B2A75942700B67505 /* ProfileCreationView.swift in Sources */,
				BCE0F6312A753BF8008D6202 /* SignUpView.swift in Sources */,
				BC36C56C2A76739A00B67505 /* ProfileView.swift in Sources */,
				BCE0F6392A754316008D6202 /* OnboardingMockupData.swift in Sources */,
				BC36C5782A767E5300B67505 /* NFTView.swift in Sources */,
				BC5039882A751483005C6885 /* GamingAppApp.swift in Sources */,
			);
			runOnlyForDeploymentPostprocessing = 0;
		};
		BC5039902A751484005C6885 /* Sources */ = {
			isa = PBXSourcesBuildPhase;
			buildActionMask = 2147483647;
			files = (
				BC5039992A751484005C6885 /* GamingAppTests.swift in Sources */,
			);
			runOnlyForDeploymentPostprocessing = 0;
		};
		BC50399A2A751484005C6885 /* Sources */ = {
			isa = PBXSourcesBuildPhase;
			buildActionMask = 2147483647;
			files = (
				BC5039A32A751484005C6885 /* GamingAppUITests.swift in Sources */,
				BC5039A52A751484005C6885 /* GamingAppUITestsLaunchTests.swift in Sources */,
			);
			runOnlyForDeploymentPostprocessing = 0;
		};
/* End PBXSourcesBuildPhase section */

/* Begin PBXTargetDependency section */
		BC5039962A751484005C6885 /* PBXTargetDependency */ = {
			isa = PBXTargetDependency;
			target = BC5039832A751483005C6885 /* GamingApp */;
			targetProxy = BC5039952A751484005C6885 /* PBXContainerItemProxy */;
		};
		BC5039A02A751484005C6885 /* PBXTargetDependency */ = {
			isa = PBXTargetDependency;
			target = BC5039832A751483005C6885 /* GamingApp */;
			targetProxy = BC50399F2A751484005C6885 /* PBXContainerItemProxy */;
		};
/* End PBXTargetDependency section */

/* Begin XCBuildConfiguration section */
		BC5039A62A751484005C6885 /* Debug */ = {
			isa = XCBuildConfiguration;
			buildSettings = {
				ALWAYS_SEARCH_USER_PATHS = NO;
				CLANG_ANALYZER_NONNULL = YES;
				CLANG_ANALYZER_NUMBER_OBJECT_CONVERSION = YES_AGGRESSIVE;
				CLANG_CXX_LANGUAGE_STANDARD = "gnu++20";
				CLANG_ENABLE_MODULES = YES;
				CLANG_ENABLE_OBJC_ARC = YES;
				CLANG_ENABLE_OBJC_WEAK = YES;
				CLANG_WARN_BLOCK_CAPTURE_AUTORELEASING = YES;
				CLANG_WARN_BOOL_CONVERSION = YES;
				CLANG_WARN_COMMA = YES;
				CLANG_WARN_CONSTANT_CONVERSION = YES;
				CLANG_WARN_DEPRECATED_OBJC_IMPLEMENTATIONS = YES;
				CLANG_WARN_DIRECT_OBJC_ISA_USAGE = YES_ERROR;
				CLANG_WARN_DOCUMENTATION_COMMENTS = YES;
				CLANG_WARN_EMPTY_BODY = YES;
				CLANG_WARN_ENUM_CONVERSION = YES;
				CLANG_WARN_INFINITE_RECURSION = YES;
				CLANG_WARN_INT_CONVERSION = YES;
				CLANG_WARN_NON_LITERAL_NULL_CONVERSION = YES;
				CLANG_WARN_OBJC_IMPLICIT_RETAIN_SELF = YES;
				CLANG_WARN_OBJC_LITERAL_CONVERSION = YES;
				CLANG_WARN_OBJC_ROOT_CLASS = YES_ERROR;
				CLANG_WARN_QUOTED_INCLUDE_IN_FRAMEWORK_HEADER = YES;
				CLANG_WARN_RANGE_LOOP_ANALYSIS = YES;
				CLANG_WARN_STRICT_PROTOTYPES = YES;
				CLANG_WARN_SUSPICIOUS_MOVE = YES;
				CLANG_WARN_UNGUARDED_AVAILABILITY = YES_AGGRESSIVE;
				CLANG_WARN_UNREACHABLE_CODE = YES;
				CLANG_WARN__DUPLICATE_METHOD_MATCH = YES;
				COPY_PHASE_STRIP = NO;
				DEBUG_INFORMATION_FORMAT = dwarf;
				ENABLE_STRICT_OBJC_MSGSEND = YES;
				ENABLE_TESTABILITY = YES;
				GCC_C_LANGUAGE_STANDARD = gnu11;
				GCC_DYNAMIC_NO_PIC = NO;
				GCC_NO_COMMON_BLOCKS = YES;
				GCC_OPTIMIZATION_LEVEL = 0;
				GCC_PREPROCESSOR_DEFINITIONS = (
					"DEBUG=1",
					"$(inherited)",
				);
				GCC_WARN_64_TO_32_BIT_CONVERSION = YES;
				GCC_WARN_ABOUT_RETURN_TYPE = YES_ERROR;
				GCC_WARN_UNDECLARED_SELECTOR = YES;
				GCC_WARN_UNINITIALIZED_AUTOS = YES_AGGRESSIVE;
				GCC_WARN_UNUSED_FUNCTION = YES;
				GCC_WARN_UNUSED_VARIABLE = YES;
				IPHONEOS_DEPLOYMENT_TARGET = 16.4;
				MTL_ENABLE_DEBUG_INFO = INCLUDE_SOURCE;
				MTL_FAST_MATH = YES;
				ONLY_ACTIVE_ARCH = YES;
				SDKROOT = iphoneos;
				SWIFT_ACTIVE_COMPILATION_CONDITIONS = DEBUG;
				SWIFT_OPTIMIZATION_LEVEL = "-Onone";
			};
			name = Debug;
		};
		BC5039A72A751484005C6885 /* Release */ = {
			isa = XCBuildConfiguration;
			buildSettings = {
				ALWAYS_SEARCH_USER_PATHS = NO;
				CLANG_ANALYZER_NONNULL = YES;
				CLANG_ANALYZER_NUMBER_OBJECT_CONVERSION = YES_AGGRESSIVE;
				CLANG_CXX_LANGUAGE_STANDARD = "gnu++20";
				CLANG_ENABLE_MODULES = YES;
				CLANG_ENABLE_OBJC_ARC = YES;
				CLANG_ENABLE_OBJC_WEAK = YES;
				CLANG_WARN_BLOCK_CAPTURE_AUTORELEASING = YES;
				CLANG_WARN_BOOL_CONVERSION = YES;
				CLANG_WARN_COMMA = YES;
				CLANG_WARN_CONSTANT_CONVERSION = YES;
				CLANG_WARN_DEPRECATED_OBJC_IMPLEMENTATIONS = YES;
				CLANG_WARN_DIRECT_OBJC_ISA_USAGE = YES_ERROR;
				CLANG_WARN_DOCUMENTATION_COMMENTS = YES;
				CLANG_WARN_EMPTY_BODY = YES;
				CLANG_WARN_ENUM_CONVERSION = YES;
				CLANG_WARN_INFINITE_RECURSION = YES;
				CLANG_WARN_INT_CONVERSION = YES;
				CLANG_WARN_NON_LITERAL_NULL_CONVERSION = YES;
				CLANG_WARN_OBJC_IMPLICIT_RETAIN_SELF = YES;
				CLANG_WARN_OBJC_LITERAL_CONVERSION = YES;
				CLANG_WARN_OBJC_ROOT_CLASS = YES_ERROR;
				CLANG_WARN_QUOTED_INCLUDE_IN_FRAMEWORK_HEADER = YES;
				CLANG_WARN_RANGE_LOOP_ANALYSIS = YES;
				CLANG_WARN_STRICT_PROTOTYPES = YES;
				CLANG_WARN_SUSPICIOUS_MOVE = YES;
				CLANG_WARN_UNGUARDED_AVAILABILITY = YES_AGGRESSIVE;
				CLANG_WARN_UNREACHABLE_CODE = YES;
				CLANG_WARN__DUPLICATE_METHOD_MATCH = YES;
				COPY_PHASE_STRIP = NO;
				DEBUG_INFORMATION_FORMAT = "dwarf-with-dsym";
				ENABLE_NS_ASSERTIONS = NO;
				ENABLE_STRICT_OBJC_MSGSEND = YES;
				GCC_C_LANGUAGE_STANDARD = gnu11;
				GCC_NO_COMMON_BLOCKS = YES;
				GCC_WARN_64_TO_32_BIT_CONVERSION = YES;
				GCC_WARN_ABOUT_RETURN_TYPE = YES_ERROR;
				GCC_WARN_UNDECLARED_SELECTOR = YES;
				GCC_WARN_UNINITIALIZED_AUTOS = YES_AGGRESSIVE;
				GCC_WARN_UNUSED_FUNCTION = YES;
				GCC_WARN_UNUSED_VARIABLE = YES;
				IPHONEOS_DEPLOYMENT_TARGET = 16.4;
				MTL_ENABLE_DEBUG_INFO = NO;
				MTL_FAST_MATH = YES;
				SDKROOT = iphoneos;
				SWIFT_COMPILATION_MODE = wholemodule;
				SWIFT_OPTIMIZATION_LEVEL = "-O";
				VALIDATE_PRODUCT = YES;
			};
			name = Release;
		};
		BC5039A92A751484005C6885 /* Debug */ = {
			isa = XCBuildConfiguration;
			buildSettings = {
				ASSETCATALOG_COMPILER_APPICON_NAME = AppIcon;
				ASSETCATALOG_COMPILER_GLOBAL_ACCENT_COLOR_NAME = AccentColor;
				CODE_SIGN_STYLE = Automatic;
				CURRENT_PROJECT_VERSION = 1;
				DEVELOPMENT_ASSET_PATHS = "\"GamingApp/Preview Content\"";
				DEVELOPMENT_TEAM = G5BSGM35FT;
				ENABLE_PREVIEWS = YES;
				GENERATE_INFOPLIST_FILE = YES;
				INFOPLIST_KEY_CFBundleDisplayName = Nexplay;
				INFOPLIST_KEY_LSApplicationCategoryType = "public.app-category.games";
				INFOPLIST_KEY_UIApplicationSceneManifest_Generation = YES;
				INFOPLIST_KEY_UIApplicationSupportsIndirectInputEvents = YES;
				INFOPLIST_KEY_UILaunchScreen_Generation = YES;
				INFOPLIST_KEY_UISupportedInterfaceOrientations = UIInterfaceOrientationPortrait;
				LD_RUNPATH_SEARCH_PATHS = (
					"$(inherited)",
					"@executable_path/Frameworks",
				);
				MARKETING_VERSION = 1.0;
				PRODUCT_BUNDLE_IDENTIFIER = com.gytisptasinskas.GamingApp;
				PRODUCT_NAME = "$(TARGET_NAME)";
				SWIFT_EMIT_LOC_STRINGS = YES;
				SWIFT_VERSION = 5.0;
				TARGETED_DEVICE_FAMILY = "1,2";
			};
			name = Debug;
		};
		BC5039AA2A751484005C6885 /* Release */ = {
			isa = XCBuildConfiguration;
			buildSettings = {
				ASSETCATALOG_COMPILER_APPICON_NAME = AppIcon;
				ASSETCATALOG_COMPILER_GLOBAL_ACCENT_COLOR_NAME = AccentColor;
				CODE_SIGN_STYLE = Automatic;
				CURRENT_PROJECT_VERSION = 1;
				DEVELOPMENT_ASSET_PATHS = "\"GamingApp/Preview Content\"";
				DEVELOPMENT_TEAM = G5BSGM35FT;
				ENABLE_PREVIEWS = YES;
				GENERATE_INFOPLIST_FILE = YES;
				INFOPLIST_KEY_CFBundleDisplayName = Nexplay;
				INFOPLIST_KEY_LSApplicationCategoryType = "public.app-category.games";
				INFOPLIST_KEY_UIApplicationSceneManifest_Generation = YES;
				INFOPLIST_KEY_UIApplicationSupportsIndirectInputEvents = YES;
				INFOPLIST_KEY_UILaunchScreen_Generation = YES;
				INFOPLIST_KEY_UISupportedInterfaceOrientations = UIInterfaceOrientationPortrait;
				LD_RUNPATH_SEARCH_PATHS = (
					"$(inherited)",
					"@executable_path/Frameworks",
				);
				MARKETING_VERSION = 1.0;
				PRODUCT_BUNDLE_IDENTIFIER = com.gytisptasinskas.GamingApp;
				PRODUCT_NAME = "$(TARGET_NAME)";
				SWIFT_EMIT_LOC_STRINGS = YES;
				SWIFT_VERSION = 5.0;
				TARGETED_DEVICE_FAMILY = "1,2";
			};
			name = Release;
		};
		BC5039AC2A751484005C6885 /* Debug */ = {
			isa = XCBuildConfiguration;
			buildSettings = {
				ALWAYS_EMBED_SWIFT_STANDARD_LIBRARIES = YES;
				BUNDLE_LOADER = "$(TEST_HOST)";
				CODE_SIGN_STYLE = Automatic;
				CURRENT_PROJECT_VERSION = 1;
				DEVELOPMENT_TEAM = G5BSGM35FT;
				GENERATE_INFOPLIST_FILE = YES;
				IPHONEOS_DEPLOYMENT_TARGET = 16.4;
				MARKETING_VERSION = 1.0;
				PRODUCT_BUNDLE_IDENTIFIER = com.gytisptasinskas.GamingAppTests;
				PRODUCT_NAME = "$(TARGET_NAME)";
				SWIFT_EMIT_LOC_STRINGS = NO;
				SWIFT_VERSION = 5.0;
				TARGETED_DEVICE_FAMILY = "1,2";
				TEST_HOST = "$(BUILT_PRODUCTS_DIR)/GamingApp.app/$(BUNDLE_EXECUTABLE_FOLDER_PATH)/GamingApp";
			};
			name = Debug;
		};
		BC5039AD2A751484005C6885 /* Release */ = {
			isa = XCBuildConfiguration;
			buildSettings = {
				ALWAYS_EMBED_SWIFT_STANDARD_LIBRARIES = YES;
				BUNDLE_LOADER = "$(TEST_HOST)";
				CODE_SIGN_STYLE = Automatic;
				CURRENT_PROJECT_VERSION = 1;
				DEVELOPMENT_TEAM = G5BSGM35FT;
				GENERATE_INFOPLIST_FILE = YES;
				IPHONEOS_DEPLOYMENT_TARGET = 16.4;
				MARKETING_VERSION = 1.0;
				PRODUCT_BUNDLE_IDENTIFIER = com.gytisptasinskas.GamingAppTests;
				PRODUCT_NAME = "$(TARGET_NAME)";
				SWIFT_EMIT_LOC_STRINGS = NO;
				SWIFT_VERSION = 5.0;
				TARGETED_DEVICE_FAMILY = "1,2";
				TEST_HOST = "$(BUILT_PRODUCTS_DIR)/GamingApp.app/$(BUNDLE_EXECUTABLE_FOLDER_PATH)/GamingApp";
			};
			name = Release;
		};
		BC5039AF2A751484005C6885 /* Debug */ = {
			isa = XCBuildConfiguration;
			buildSettings = {
				ALWAYS_EMBED_SWIFT_STANDARD_LIBRARIES = YES;
				CODE_SIGN_STYLE = Automatic;
				CURRENT_PROJECT_VERSION = 1;
				DEVELOPMENT_TEAM = G5BSGM35FT;
				GENERATE_INFOPLIST_FILE = YES;
				MARKETING_VERSION = 1.0;
				PRODUCT_BUNDLE_IDENTIFIER = com.gytisptasinskas.GamingAppUITests;
				PRODUCT_NAME = "$(TARGET_NAME)";
				SWIFT_EMIT_LOC_STRINGS = NO;
				SWIFT_VERSION = 5.0;
				TARGETED_DEVICE_FAMILY = "1,2";
				TEST_TARGET_NAME = GamingApp;
			};
			name = Debug;
		};
		BC5039B02A751484005C6885 /* Release */ = {
			isa = XCBuildConfiguration;
			buildSettings = {
				ALWAYS_EMBED_SWIFT_STANDARD_LIBRARIES = YES;
				CODE_SIGN_STYLE = Automatic;
				CURRENT_PROJECT_VERSION = 1;
				DEVELOPMENT_TEAM = G5BSGM35FT;
				GENERATE_INFOPLIST_FILE = YES;
				MARKETING_VERSION = 1.0;
				PRODUCT_BUNDLE_IDENTIFIER = com.gytisptasinskas.GamingAppUITests;
				PRODUCT_NAME = "$(TARGET_NAME)";
				SWIFT_EMIT_LOC_STRINGS = NO;
				SWIFT_VERSION = 5.0;
				TARGETED_DEVICE_FAMILY = "1,2";
				TEST_TARGET_NAME = GamingApp;
			};
			name = Release;
		};
/* End XCBuildConfiguration section */

/* Begin XCConfigurationList section */
		BC50397F2A751483005C6885 /* Build configuration list for PBXProject "GamingApp" */ = {
			isa = XCConfigurationList;
			buildConfigurations = (
				BC5039A62A751484005C6885 /* Debug */,
				BC5039A72A751484005C6885 /* Release */,
			);
			defaultConfigurationIsVisible = 0;
			defaultConfigurationName = Release;
		};
		BC5039A82A751484005C6885 /* Build configuration list for PBXNativeTarget "GamingApp" */ = {
			isa = XCConfigurationList;
			buildConfigurations = (
				BC5039A92A751484005C6885 /* Debug */,
				BC5039AA2A751484005C6885 /* Release */,
			);
			defaultConfigurationIsVisible = 0;
			defaultConfigurationName = Release;
		};
		BC5039AB2A751484005C6885 /* Build configuration list for PBXNativeTarget "GamingAppTests" */ = {
			isa = XCConfigurationList;
			buildConfigurations = (
				BC5039AC2A751484005C6885 /* Debug */,
				BC5039AD2A751484005C6885 /* Release */,
			);
			defaultConfigurationIsVisible = 0;
			defaultConfigurationName = Release;
		};
		BC5039AE2A751484005C6885 /* Build configuration list for PBXNativeTarget "GamingAppUITests" */ = {
			isa = XCConfigurationList;
			buildConfigurations = (
				BC5039AF2A751484005C6885 /* Debug */,
				BC5039B02A751484005C6885 /* Release */,
			);
			defaultConfigurationIsVisible = 0;
			defaultConfigurationName = Release;
		};
/* End XCConfigurationList section */

/* Begin XCRemoteSwiftPackageReference section */
		BC08E4A92A752B18001D5CEB /* XCRemoteSwiftPackageReference "d3-stories-instagram" */ = {
			isa = XCRemoteSwiftPackageReference;
			repositoryURL = "https://github.com/The-Igor/d3-stories-instagram";
			requirement = {
				branch = main;
				kind = branch;
			};
		};
/* End XCRemoteSwiftPackageReference section */

/* Begin XCSwiftPackageProductDependency section */
		BC08E4AA2A752B18001D5CEB /* d3-stories-instagram */ = {
			isa = XCSwiftPackageProductDependency;
			package = BC08E4A92A752B18001D5CEB /* XCRemoteSwiftPackageReference "d3-stories-instagram" */;
			productName = "d3-stories-instagram";
		};
/* End XCSwiftPackageProductDependency section */
	};
	rootObject = BC50397C2A751483005C6885 /* Project object */;
}
