// !$*UTF8*$!
{
	archiveVersion = 1;
	classes = {
	};
	objectVersion = 56;
	objects = {

/* Begin PBXBuildFile section */
		BC5039882A751483005C6885 /* GamingAppApp.swift in Sources */ = {isa = PBXBuildFile; fileRef = BC5039872A751483005C6885 /* GamingAppApp.swift */; };
		BC50398A2A751483005C6885 /* ContentView.swift in Sources */ = {isa = PBXBuildFile; fileRef = BC5039892A751483005C6885 /* ContentView.swift */; };
		BC50398C2A751484005C6885 /* Assets.xcassets in Resources */ = {isa = PBXBuildFile; fileRef = BC50398B2A751484005C6885 /* Assets.xcassets */; };
		BC50398F2A751484005C6885 /* Preview Assets.xcassets in Resources */ = {isa = PBXBuildFile; fileRef = BC50398E2A751484005C6885 /* Preview Assets.xcassets */; };
		BC5039992A751484005C6885 /* GamingAppTests.swift in Sources */ = {isa = PBXBuildFile; fileRef = BC5039982A751484005C6885 /* GamingAppTests.swift */; };
		BC5039A32A751484005C6885 /* GamingAppUITests.swift in Sources */ = {isa = PBXBuildFile; fileRef = BC5039A22A751484005C6885 /* GamingAppUITests.swift */; };
		BC5039A52A751484005C6885 /* GamingAppUITestsLaunchTests.swift in Sources */ = {isa = PBXBuildFile; fileRef = BC5039A42A751484005C6885 /* GamingAppUITestsLaunchTests.swift */; };
/* End PBXBuildFile section */

/* Begin PBXContainerItemProxy section */
		BC5039952A751484005C6885 /* PBXContainerItemProxy */ = {
			isa = PBXContainerItemProxy;
			containerPortal = BC50397C2A751483005C6885 /* Project object */;
			proxyType = 1;
			remoteGlobalIDString = BC5039832A751483005C6885;
			remoteInfo = GamingApp;
		};
		BC50399F2A751484005C6885 /* PBXContainerItemProxy */ = {
			isa = PBXContainerItemProxy;
			containerPortal = BC50397C2A751483005C6885 /* Project object */;
			proxyType = 1;
			remoteGlobalIDString = BC5039832A751483005C6885;
			remoteInfo = GamingApp;
		};
/* End PBXContainerItemProxy section */

/* Begin PBXFileReference section */
		BC5039842A751483005C6885 /* GamingApp.app */ = {isa = PBXFileReference; explicitFileType = wrapper.application; includeInIndex = 0; path = GamingApp.app; sourceTree = BUILT_PRODUCTS_DIR; };
		BC5039872A751483005C6885 /* GamingAppApp.swift */ = {isa = PBXFileReference; lastKnownFileType = sourcecode.swift; path = GamingAppApp.swift; sourceTree = "<group>"; };
		BC5039892A751483005C6885 /* ContentView.swift */ = {isa = PBXFileReference; lastKnownFileType = sourcecode.swift; path = ContentView.swift; sourceTree = "<group>"; };
		BC50398B2A751484005C6885 /* Assets.xcassets */ = {isa = PBXFileReference; lastKnownFileType = folder.assetcatalog; path = Assets.xcassets; sourceTree = "<group>"; };
		BC50398E2A751484005C6885 /* Preview Assets.xcassets */ = {isa = PBXFileReference; lastKnownFileType = folder.assetcatalog; path = "Preview Assets.xcassets"; sourceTree = "<group>"; };
		BC5039942A751484005C6885 /* GamingAppTests.xctest */ = {isa = PBXFileReference; explicitFileType = wrapper.cfbundle; includeInIndex = 0; path = GamingAppTests.xctest; sourceTree = BUILT_PRODUCTS_DIR; };
		BC5039982A751484005C6885 /* GamingAppTests.swift */ = {isa = PBXFileReference; lastKnownFileType = sourcecode.swift; path = GamingAppTests.swift; sourceTree = "<group>"; };
		BC50399E2A751484005C6885 /* GamingAppUITests.xctest */ = {isa = PBXFileReference; explicitFileType = wrapper.cfbundle; includeInIndex = 0; path = GamingAppUITests.xctest; sourceTree = BUILT_PRODUCTS_DIR; };
		BC5039A22A751484005C6885 /* GamingAppUITests.swift */ = {isa = PBXFileReference; lastKnownFileType = sourcecode.swift; path = GamingAppUITests.swift; sourceTree = "<group>"; };
		BC5039A42A751484005C6885 /* GamingAppUITestsLaunchTests.swift */ = {isa = PBXFileReference; lastKnownFileType = sourcecode.swift; path = GamingAppUITestsLaunchTests.swift; sourceTree = "<group>"; };
/* End PBXFileReference section */

/* Begin PBXFrameworksBuildPhase section */
		BC5039812A751483005C6885 /* Frameworks */ = {
			isa = PBXFrameworksBuildPhase;
			buildActionMask = 2147483647;
			files = (
			);
			runOnlyForDeploymentPostprocessing = 0;
		};
		BC5039912A751484005C6885 /* Frameworks */ = {
			isa = PBXFrameworksBuildPhase;
			buildActionMask = 2147483647;
			files = (
			);
			runOnlyForDeploymentPostprocessing = 0;
		};
		BC50399B2A751484005C6885 /* Frameworks */ = {
			isa = PBXFrameworksBuildPhase;
			buildActionMask = 2147483647;
			files = (
			);
			runOnlyForDeploymentPostprocessing = 0;
		};
/* End PBXFrameworksBuildPhase section */

/* Begin PBXGroup section */
		BC50397B2A751483005C6885 = {
			isa = PBXGroup;
			children = (
				BC5039862A751483005C6885 /* GamingApp */,
				BC5039972A751484005C6885 /* GamingAppTests */,
				BC5039A12A751484005C6885 /* GamingAppUITests */,
				BC5039852A751483005C6885 /* Products */,
			);
			sourceTree = "<group>";
		};
		BC5039852A751483005C6885 /* Products */ = {
			isa = PBXGroup;
			children = (
				BC5039842A751483005C6885 /* GamingApp.app */,
				BC5039942A751484005C6885 /* GamingAppTests.xctest */,
				BC50399E2A751484005C6885 /* GamingAppUITests.xctest */,
			);
			name = Products;
			sourceTree = "<group>";
		};
		BC5039862A751483005C6885 /* GamingApp */ = {
			isa = PBXGroup;
			children = (
				BC5039872A751483005C6885 /* GamingAppApp.swift */,
				BC5039892A751483005C6885 /* ContentView.swift */,
				BC50398B2A751484005C6885 /* Assets.xcassets */,
				BC50398D2A751484005C6885 /* Preview Content */,
			);
			path = GamingApp;
			sourceTree = "<group>";
		};
		BC50398D2A751484005C6885 /* Preview Content */ = {
			isa = PBXGroup;
			children = (
				BC50398E2A751484005C6885 /* Preview Assets.xcassets */,
			);
			path = "Preview Content";
			sourceTree = "<group>";
		};
		BC5039972A751484005C6885 /* GamingAppTests */ = {
			isa = PBXGroup;
			children = (
				BC5039982A751484005C6885 /* GamingAppTests.swift */,
			);
			path = GamingAppTests;
			sourceTree = "<group>";
		};
		BC5039A12A751484005C6885 /* GamingAppUITests */ = {
			isa = PBXGroup;
			children = (
				BC5039A22A751484005C6885 /* GamingAppUITests.swift */,
				BC5039A42A751484005C6885 /* GamingAppUITestsLaunchTests.swift */,
			);
			path = GamingAppUITests;
			sourceTree = "<group>";
		};
/* End PBXGroup section */

/* Begin PBXNativeTarget section */
		BC5039832A751483005C6885 /* GamingApp */ = {
			isa = PBXNativeTarget;
			buildConfigurationList = BC5039A82A751484005C6885 /* Build configuration list for PBXNativeTarget "GamingApp" */;
			buildPhases = (
				BC5039802A751483005C6885 /* Sources */,
				BC5039812A751483005C6885 /* Frameworks */,
				BC5039822A751483005C6885 /* Resources */,
			);
			buildRules = (
			);
			dependencies = (
			);
			name = GamingApp;
			productName = GamingApp;
			productReference = BC5039842A751483005C6885 /* GamingApp.app */;
			productType = "com.apple.product-type.application";
		};
		BC5039932A751484005C6885 /* GamingAppTests */ = {
			isa = PBXNativeTarget;
			buildConfigurationList = BC5039AB2A751484005C6885 /* Build configuration list for PBXNativeTarget "GamingAppTests" */;
			buildPhases = (
				BC5039902A751484005C6885 /* Sources */,
				BC5039912A751484005C6885 /* Frameworks */,
				BC5039922A751484005C6885 /* Resources */,
			);
			buildRules = (
			);
			dependencies = (
				BC5039962A751484005C6885 /* PBXTargetDependency */,
			);
			name = GamingAppTests;
			productName = GamingAppTests;
			productReference = BC5039942A751484005C6885 /* GamingAppTests.xctest */;
			productType = "com.apple.product-type.bundle.unit-test";
		};
		BC50399D2A751484005C6885 /* GamingAppUITests */ = {
			isa = PBXNativeTarget;
			buildConfigurationList = BC5039AE2A751484005C6885 /* Build configuration list for PBXNativeTarget "GamingAppUITests" */;
			buildPhases = (
				BC50399A2A751484005C6885 /* Sources */,
				BC50399B2A751484005C6885 /* Frameworks */,
				BC50399C2A751484005C6885 /* Resources */,
			);
			buildRules = (
			);
			dependencies = (
				BC5039A02A751484005C6885 /* PBXTargetDependency */,
			);
			name = GamingAppUITests;
			productName = GamingAppUITests;
			productReference = BC50399E2A751484005C6885 /* GamingAppUITests.xctest */;
			productType = "com.apple.product-type.bundle.ui-testing";
		};
/* End PBXNativeTarget section */

/* Begin PBXProject section */
		BC50397C2A751483005C6885 /* Project object */ = {
			isa = PBXProject;
			attributes = {
				BuildIndependentTargetsInParallel = 1;
				LastSwiftUpdateCheck = 1430;
				LastUpgradeCheck = 1430;
				TargetAttributes = {
					BC5039832A751483005C6885 = {
						CreatedOnToolsVersion = 14.3.1;
					};
					BC5039932A751484005C6885 = {
						CreatedOnToolsVersion = 14.3.1;
						TestTargetID = BC5039832A751483005C6885;
					};
					BC50399D2A751484005C6885 = {
						CreatedOnToolsVersion = 14.3.1;
						TestTargetID = BC5039832A751483005C6885;
					};
				};
			};
			buildConfigurationList = BC50397F2A751483005C6885 /* Build configuration list for PBXProject "GamingApp" */;
			compatibilityVersion = "Xcode 14.0";
			developmentRegion = en;
			hasScannedForEncodings = 0;
			knownRegions = (
				en,
				Base,
			);
			mainGroup = BC50397B2A751483005C6885;
			productRefGroup = BC5039852A751483005C6885 /* Products */;
			projectDirPath = "";
			projectRoot = "";
			targets = (
				BC5039832A751483005C6885 /* GamingApp */,
				BC5039932A751484005C6885 /* GamingAppTests */,
				BC50399D2A751484005C6885 /* GamingAppUITests */,
			);
		};
/* End PBXProject section */

/* Begin PBXResourcesBuildPhase section */
		BC5039822A751483005C6885 /* Resources */ = {
			isa = PBXResourcesBuildPhase;
			buildActionMask = 2147483647;
			files = (
				BC50398F2A751484005C6885 /* Preview Assets.xcassets in Resources */,
				BC50398C2A751484005C6885 /* Assets.xcassets in Resources */,
			);
			runOnlyForDeploymentPostprocessing = 0;
		};
		BC5039922A751484005C6885 /* Resources */ = {
			isa = PBXResourcesBuildPhase;
			buildActionMask = 2147483647;
			files = (
			);
			runOnlyForDeploymentPostprocessing = 0;
		};
		BC50399C2A751484005C6885 /* Resources */ = {
			isa = PBXResourcesBuildPhase;
			buildActionMask = 2147483647;
			files = (
			);
			runOnlyForDeploymentPostprocessing = 0;
		};
/* End PBXResourcesBuildPhase section */

/* Begin PBXSourcesBuildPhase section */
		BC5039802A751483005C6885 /* Sources */ = {
			isa = PBXSourcesBuildPhase;
			buildActionMask = 2147483647;
			files = (
				BC50398A2A751483005C6885 /* ContentView.swift in Sources */,
				BC5039882A751483005C6885 /* GamingAppApp.swift in Sources */,
			);
			runOnlyForDeploymentPostprocessing = 0;
		};
		BC5039902A751484005C6885 /* Sources */ = {
			isa = PBXSourcesBuildPhase;
			buildActionMask = 2147483647;
			files = (
				BC5039992A751484005C6885 /* GamingAppTests.swift in Sources */,
			);
			runOnlyForDeploymentPostprocessing = 0;
		};
		BC50399A2A751484005C6885 /* Sources */ = {
			isa = PBXSourcesBuildPhase;
			buildActionMask = 2147483647;
			files = (
				BC5039A32A751484005C6885 /* GamingAppUITests.swift in Sources */,
				BC5039A52A751484005C6885 /* GamingAppUITestsLaunchTests.swift in Sources */,
			);
			runOnlyForDeploymentPostprocessing = 0;
		};
/* End PBXSourcesBuildPhase section */

/* Begin PBXTargetDependency section */
		BC5039962A751484005C6885 /* PBXTargetDependency */ = {
			isa = PBXTargetDependency;
			target = BC5039832A751483005C6885 /* GamingApp */;
			targetProxy = BC5039952A751484005C6885 /* PBXContainerItemProxy */;
		};
		BC5039A02A751484005C6885 /* PBXTargetDependency */ = {
			isa = PBXTargetDependency;
			target = BC5039832A751483005C6885 /* GamingApp */;
			targetProxy = BC50399F2A751484005C6885 /* PBXContainerItemProxy */;
		};
/* End PBXTargetDependency section */

/* Begin XCBuildConfiguration section */
		BC5039A62A751484005C6885 /* Debug */ = {
			isa = XCBuildConfiguration;
			buildSettings = {
				ALWAYS_SEARCH_USER_PATHS = NO;
				CLANG_ANALYZER_NONNULL = YES;
				CLANG_ANALYZER_NUMBER_OBJECT_CONVERSION = YES_AGGRESSIVE;
				CLANG_CXX_LANGUAGE_STANDARD = "gnu++20";
				CLANG_ENABLE_MODULES = YES;
				CLANG_ENABLE_OBJC_ARC = YES;
				CLANG_ENABLE_OBJC_WEAK = YES;
				CLANG_WARN_BLOCK_CAPTURE_AUTORELEASING = YES;
				CLANG_WARN_BOOL_CONVERSION = YES;
				CLANG_WARN_COMMA = YES;
				CLANG_WARN_CONSTANT_CONVERSION = YES;
				CLANG_WARN_DEPRECATED_OBJC_IMPLEMENTATIONS = YES;
				CLANG_WARN_DIRECT_OBJC_ISA_USAGE = YES_ERROR;
				CLANG_WARN_DOCUMENTATION_COMMENTS = YES;
				CLANG_WARN_EMPTY_BODY = YES;
				CLANG_WARN_ENUM_CONVERSION = YES;
				CLANG_WARN_INFINITE_RECURSION = YES;
				CLANG_WARN_INT_CONVERSION = YES;
				CLANG_WARN_NON_LITERAL_NULL_CONVERSION = YES;
				CLANG_WARN_OBJC_IMPLICIT_RETAIN_SELF = YES;
				CLANG_WARN_OBJC_LITERAL_CONVERSION = YES;
				CLANG_WARN_OBJC_ROOT_CLASS = YES_ERROR;
				CLANG_WARN_QUOTED_INCLUDE_IN_FRAMEWORK_HEADER = YES;
				CLANG_WARN_RANGE_LOOP_ANALYSIS = YES;
				CLANG_WARN_STRICT_PROTOTYPES = YES;
				CLANG_WARN_SUSPICIOUS_MOVE = YES;
				CLANG_WARN_UNGUARDED_AVAILABILITY = YES_AGGRESSIVE;
				CLANG_WARN_UNREACHABLE_CODE = YES;
				CLANG_WARN__DUPLICATE_METHOD_MATCH = YES;
				COPY_PHASE_STRIP = NO;
				DEBUG_INFORMATION_FORMAT = dwarf;
				ENABLE_STRICT_OBJC_MSGSEND = YES;
				ENABLE_TESTABILITY = YES;
				GCC_C_LANGUAGE_STANDARD = gnu11;
				GCC_DYNAMIC_NO_PIC = NO;
				GCC_NO_COMMON_BLOCKS = YES;
				GCC_OPTIMIZATION_LEVEL = 0;
				GCC_PREPROCESSOR_DEFINITIONS = (
					"DEBUG=1",
					"$(inherited)",
				);
				GCC_WARN_64_TO_32_BIT_CONVERSION = YES;
				GCC_WARN_ABOUT_RETURN_TYPE = YES_ERROR;
				GCC_WARN_UNDECLARED_SELECTOR = YES;
				GCC_WARN_UNINITIALIZED_AUTOS = YES_AGGRESSIVE;
				GCC_WARN_UNUSED_FUNCTION = YES;
				GCC_WARN_UNUSED_VARIABLE = YES;
				IPHONEOS_DEPLOYMENT_TARGET = 16.4;
				MTL_ENABLE_DEBUG_INFO = INCLUDE_SOURCE;
				MTL_FAST_MATH = YES;
				ONLY_ACTIVE_ARCH = YES;
				SDKROOT = iphoneos;
				SWIFT_ACTIVE_COMPILATION_CONDITIONS = DEBUG;
				SWIFT_OPTIMIZATION_LEVEL = "-Onone";
			};
			name = Debug;
		};
		BC5039A72A751484005C6885 /* Release */ = {
			isa = XCBuildConfiguration;
			buildSettings = {
				ALWAYS_SEARCH_USER_PATHS = NO;
				CLANG_ANALYZER_NONNULL = YES;
				CLANG_ANALYZER_NUMBER_OBJECT_CONVERSION = YES_AGGRESSIVE;
				CLANG_CXX_LANGUAGE_STANDARD = "gnu++20";
				CLANG_ENABLE_MODULES = YES;
				CLANG_ENABLE_OBJC_ARC = YES;
				CLANG_ENABLE_OBJC_WEAK = YES;
				CLANG_WARN_BLOCK_CAPTURE_AUTORELEASING = YES;
				CLANG_WARN_BOOL_CONVERSION = YES;
				CLANG_WARN_COMMA = YES;
				CLANG_WARN_CONSTANT_CONVERSION = YES;
				CLANG_WARN_DEPRECATED_OBJC_IMPLEMENTATIONS = YES;
				CLANG_WARN_DIRECT_OBJC_ISA_USAGE = YES_ERROR;
				CLANG_WARN_DOCUMENTATION_COMMENTS = YES;
				CLANG_WARN_EMPTY_BODY = YES;
				CLANG_WARN_ENUM_CONVERSION = YES;
				CLANG_WARN_INFINITE_RECURSION = YES;
				CLANG_WARN_INT_CONVERSION = YES;
				CLANG_WARN_NON_LITERAL_NULL_CONVERSION = YES;
				CLANG_WARN_OBJC_IMPLICIT_RETAIN_SELF = YES;
				CLANG_WARN_OBJC_LITERAL_CONVERSION = YES;
				CLANG_WARN_OBJC_ROOT_CLASS = YES_ERROR;
				CLANG_WARN_QUOTED_INCLUDE_IN_FRAMEWORK_HEADER = YES;
				CLANG_WARN_RANGE_LOOP_ANALYSIS = YES;
				CLANG_WARN_STRICT_PROTOTYPES = YES;
				CLANG_WARN_SUSPICIOUS_MOVE = YES;
				CLANG_WARN_UNGUARDED_AVAILABILITY = YES_AGGRESSIVE;
				CLANG_WARN_UNREACHABLE_CODE = YES;
				CLANG_WARN__DUPLICATE_METHOD_MATCH = YES;
				COPY_PHASE_STRIP = NO;
				DEBUG_INFORMATION_FORMAT = "dwarf-with-dsym";
				ENABLE_NS_ASSERTIONS = NO;
				ENABLE_STRICT_OBJC_MSGSEND = YES;
				GCC_C_LANGUAGE_STANDARD = gnu11;
				GCC_NO_COMMON_BLOCKS = YES;
				GCC_WARN_64_TO_32_BIT_CONVERSION = YES;
				GCC_WARN_ABOUT_RETURN_TYPE = YES_ERROR;
				GCC_WARN_UNDECLARED_SELECTOR = YES;
				GCC_WARN_UNINITIALIZED_AUTOS = YES_AGGRESSIVE;
				GCC_WARN_UNUSED_FUNCTION = YES;
				GCC_WARN_UNUSED_VARIABLE = YES;
				IPHONEOS_DEPLOYMENT_TARGET = 16.4;
				MTL_ENABLE_DEBUG_INFO = NO;
				MTL_FAST_MATH = YES;
				SDKROOT = iphoneos;
				SWIFT_COMPILATION_MODE = wholemodule;
				SWIFT_OPTIMIZATION_LEVEL = "-O";
				VALIDATE_PRODUCT = YES;
			};
			name = Release;
		};
		BC5039A92A751484005C6885 /* Debug */ = {
			isa = XCBuildConfiguration;
			buildSettings = {
				ASSETCATALOG_COMPILER_APPICON_NAME = AppIcon;
				ASSETCATALOG_COMPILER_GLOBAL_ACCENT_COLOR_NAME = AccentColor;
				CODE_SIGN_STYLE = Automatic;
				CURRENT_PROJECT_VERSION = 1;
				DEVELOPMENT_ASSET_PATHS = "\"GamingApp/Preview Content\"";
				DEVELOPMENT_TEAM = G5BSGM35FT;
				ENABLE_PREVIEWS = YES;
				GENERATE_INFOPLIST_FILE = YES;
				INFOPLIST_KEY_UIApplicationSceneManifest_Generation = YES;
				INFOPLIST_KEY_UIApplicationSupportsIndirectInputEvents = YES;
				INFOPLIST_KEY_UILaunchScreen_Generation = YES;
				INFOPLIST_KEY_UISupportedInterfaceOrientations_iPad = "UIInterfaceOrientationPortrait UIInterfaceOrientationPortraitUpsideDown UIInterfaceOrientationLandscapeLeft UIInterfaceOrientationLandscapeRight";
				INFOPLIST_KEY_UISupportedInterfaceOrientations_iPhone = "UIInterfaceOrientationPortrait UIInterfaceOrientationLandscapeLeft UIInterfaceOrientationLandscapeRight";
				LD_RUNPATH_SEARCH_PATHS = (
					"$(inherited)",
					"@executable_path/Frameworks",
				);
				MARKETING_VERSION = 1.0;
				PRODUCT_BUNDLE_IDENTIFIER = com.gytisptasinskas.GamingApp;
				PRODUCT_NAME = "$(TARGET_NAME)";
				SWIFT_EMIT_LOC_STRINGS = YES;
				SWIFT_VERSION = 5.0;
				TARGETED_DEVICE_FAMILY = "1,2";
			};
			name = Debug;
		};
		BC5039AA2A751484005C6885 /* Release */ = {
			isa = XCBuildConfiguration;
			buildSettings = {
				ASSETCATALOG_COMPILER_APPICON_NAME = AppIcon;
				ASSETCATALOG_COMPILER_GLOBAL_ACCENT_COLOR_NAME = AccentColor;
				CODE_SIGN_STYLE = Automatic;
				CURRENT_PROJECT_VERSION = 1;
				DEVELOPMENT_ASSET_PATHS = "\"GamingApp/Preview Content\"";
				DEVELOPMENT_TEAM = G5BSGM35FT;
				ENABLE_PREVIEWS = YES;
				GENERATE_INFOPLIST_FILE = YES;
				INFOPLIST_KEY_UIApplicationSceneManifest_Generation = YES;
				INFOPLIST_KEY_UIApplicationSupportsIndirectInputEvents = YES;
				INFOPLIST_KEY_UILaunchScreen_Generation = YES;
				INFOPLIST_KEY_UISupportedInterfaceOrientations_iPad = "UIInterfaceOrientationPortrait UIInterfaceOrientationPortraitUpsideDown UIInterfaceOrientationLandscapeLeft UIInterfaceOrientationLandscapeRight";
				INFOPLIST_KEY_UISupportedInterfaceOrientations_iPhone = "UIInterfaceOrientationPortrait UIInterfaceOrientationLandscapeLeft UIInterfaceOrientationLandscapeRight";
				LD_RUNPATH_SEARCH_PATHS = (
					"$(inherited)",
					"@executable_path/Frameworks",
				);
				MARKETING_VERSION = 1.0;
				PRODUCT_BUNDLE_IDENTIFIER = com.gytisptasinskas.GamingApp;
				PRODUCT_NAME = "$(TARGET_NAME)";
				SWIFT_EMIT_LOC_STRINGS = YES;
				SWIFT_VERSION = 5.0;
				TARGETED_DEVICE_FAMILY = "1,2";
			};
			name = Release;
		};
		BC5039AC2A751484005C6885 /* Debug */ = {
			isa = XCBuildConfiguration;
			buildSettings = {
				ALWAYS_EMBED_SWIFT_STANDARD_LIBRARIES = YES;
				BUNDLE_LOADER = "$(TEST_HOST)";
				CODE_SIGN_STYLE = Automatic;
				CURRENT_PROJECT_VERSION = 1;
				DEVELOPMENT_TEAM = G5BSGM35FT;
				GENERATE_INFOPLIST_FILE = YES;
				IPHONEOS_DEPLOYMENT_TARGET = 16.4;
				MARKETING_VERSION = 1.0;
				PRODUCT_BUNDLE_IDENTIFIER = com.gytisptasinskas.GamingAppTests;
				PRODUCT_NAME = "$(TARGET_NAME)";
				SWIFT_EMIT_LOC_STRINGS = NO;
				SWIFT_VERSION = 5.0;
				TARGETED_DEVICE_FAMILY = "1,2";
				TEST_HOST = "$(BUILT_PRODUCTS_DIR)/GamingApp.app/$(BUNDLE_EXECUTABLE_FOLDER_PATH)/GamingApp";
			};
			name = Debug;
		};
		BC5039AD2A751484005C6885 /* Release */ = {
			isa = XCBuildConfiguration;
			buildSettings = {
				ALWAYS_EMBED_SWIFT_STANDARD_LIBRARIES = YES;
				BUNDLE_LOADER = "$(TEST_HOST)";
				CODE_SIGN_STYLE = Automatic;
				CURRENT_PROJECT_VERSION = 1;
				DEVELOPMENT_TEAM = G5BSGM35FT;
				GENERATE_INFOPLIST_FILE = YES;
				IPHONEOS_DEPLOYMENT_TARGET = 16.4;
				MARKETING_VERSION = 1.0;
				PRODUCT_BUNDLE_IDENTIFIER = com.gytisptasinskas.GamingAppTests;
				PRODUCT_NAME = "$(TARGET_NAME)";
				SWIFT_EMIT_LOC_STRINGS = NO;
				SWIFT_VERSION = 5.0;
				TARGETED_DEVICE_FAMILY = "1,2";
				TEST_HOST = "$(BUILT_PRODUCTS_DIR)/GamingApp.app/$(BUNDLE_EXECUTABLE_FOLDER_PATH)/GamingApp";
			};
			name = Release;
		};
		BC5039AF2A751484005C6885 /* Debug */ = {
			isa = XCBuildConfiguration;
			buildSettings = {
				ALWAYS_EMBED_SWIFT_STANDARD_LIBRARIES = YES;
				CODE_SIGN_STYLE = Automatic;
				CURRENT_PROJECT_VERSION = 1;
				DEVELOPMENT_TEAM = G5BSGM35FT;
				GENERATE_INFOPLIST_FILE = YES;
				MARKETING_VERSION = 1.0;
				PRODUCT_BUNDLE_IDENTIFIER = com.gytisptasinskas.GamingAppUITests;
				PRODUCT_NAME = "$(TARGET_NAME)";
				SWIFT_EMIT_LOC_STRINGS = NO;
				SWIFT_VERSION = 5.0;
				TARGETED_DEVICE_FAMILY = "1,2";
				TEST_TARGET_NAME = GamingApp;
			};
			name = Debug;
		};
		BC5039B02A751484005C6885 /* Release */ = {
			isa = XCBuildConfiguration;
			buildSettings = {
				ALWAYS_EMBED_SWIFT_STANDARD_LIBRARIES = YES;
				CODE_SIGN_STYLE = Automatic;
				CURRENT_PROJECT_VERSION = 1;
				DEVELOPMENT_TEAM = G5BSGM35FT;
				GENERATE_INFOPLIST_FILE = YES;
				MARKETING_VERSION = 1.0;
				PRODUCT_BUNDLE_IDENTIFIER = com.gytisptasinskas.GamingAppUITests;
				PRODUCT_NAME = "$(TARGET_NAME)";
				SWIFT_EMIT_LOC_STRINGS = NO;
				SWIFT_VERSION = 5.0;
				TARGETED_DEVICE_FAMILY = "1,2";
				TEST_TARGET_NAME = GamingApp;
			};
			name = Release;
		};
/* End XCBuildConfiguration section */

/* Begin XCConfigurationList section */
		BC50397F2A751483005C6885 /* Build configuration list for PBXProject "GamingApp" */ = {
			isa = XCConfigurationList;
			buildConfigurations = (
				BC5039A62A751484005C6885 /* Debug */,
				BC5039A72A751484005C6885 /* Release */,
			);
			defaultConfigurationIsVisible = 0;
			defaultConfigurationName = Release;
		};
		BC5039A82A751484005C6885 /* Build configuration list for PBXNativeTarget "GamingApp" */ = {
			isa = XCConfigurationList;
			buildConfigurations = (
				BC5039A92A751484005C6885 /* Debug */,
				BC5039AA2A751484005C6885 /* Release */,
			);
			defaultConfigurationIsVisible = 0;
			defaultConfigurationName = Release;
		};
		BC5039AB2A751484005C6885 /* Build configuration list for PBXNativeTarget "GamingAppTests" */ = {
			isa = XCConfigurationList;
			buildConfigurations = (
				BC5039AC2A751484005C6885 /* Debug */,
				BC5039AD2A751484005C6885 /* Release */,
			);
			defaultConfigurationIsVisible = 0;
			defaultConfigurationName = Release;
		};
		BC5039AE2A751484005C6885 /* Build configuration list for PBXNativeTarget "GamingAppUITests" */ = {
			isa = XCConfigurationList;
			buildConfigurations = (
				BC5039AF2A751484005C6885 /* Debug */,
				BC5039B02A751484005C6885 /* Release */,
			);
			defaultConfigurationIsVisible = 0;
			defaultConfigurationName = Release;
		};
/* End XCConfigurationList section */
	};
	rootObject = BC50397C2A751483005C6885 /* Project object */;
}
